// !$*UTF8*$!
{
	archiveVersion = 1;
	classes = {
	};
	objectVersion = 46;
	objects = {

/* Begin PBXBuildFile section */
		173082CD1AF8E05300461F69 /* GameOverScene.sks in Resources */ = {isa = PBXBuildFile; fileRef = 173082CC1AF8E05300461F69 /* GameOverScene.sks */; };
		173082CF1AF8E21E00461F69 /* GameOverScene.swift in Sources */ = {isa = PBXBuildFile; fileRef = 173082CE1AF8E21E00461F69 /* GameOverScene.swift */; };
		17EA025D1AF7B9A900EF6CBD /* AppDelegate.swift in Sources */ = {isa = PBXBuildFile; fileRef = 17EA025C1AF7B9A900EF6CBD /* AppDelegate.swift */; };
		17EA025F1AF7B9A900EF6CBD /* GameScene.sks in Resources */ = {isa = PBXBuildFile; fileRef = 17EA025E1AF7B9A900EF6CBD /* GameScene.sks */; };
		17EA02611AF7B9A900EF6CBD /* GameScene.swift in Sources */ = {isa = PBXBuildFile; fileRef = 17EA02601AF7B9A900EF6CBD /* GameScene.swift */; };
		17EA02631AF7B9A900EF6CBD /* GameViewController.swift in Sources */ = {isa = PBXBuildFile; fileRef = 17EA02621AF7B9A900EF6CBD /* GameViewController.swift */; };
		17EA02661AF7B9A900EF6CBD /* Main.storyboard in Resources */ = {isa = PBXBuildFile; fileRef = 17EA02641AF7B9A900EF6CBD /* Main.storyboard */; };
		17EA02681AF7B9A900EF6CBD /* Images.xcassets in Resources */ = {isa = PBXBuildFile; fileRef = 17EA02671AF7B9A900EF6CBD /* Images.xcassets */; };
		17EA026B1AF7B9A900EF6CBD /* LaunchScreen.xib in Resources */ = {isa = PBXBuildFile; fileRef = 17EA02691AF7B9A900EF6CBD /* LaunchScreen.xib */; };
		17EA02771AF7B9A900EF6CBD /* BreakoutSpriteKitTutorialTests.swift in Sources */ = {isa = PBXBuildFile; fileRef = 17EA02761AF7B9A900EF6CBD /* BreakoutSpriteKitTutorialTests.swift */; };
/* End PBXBuildFile section */

/* Begin PBXContainerItemProxy section */
		17EA02711AF7B9A900EF6CBD /* PBXContainerItemProxy */ = {
			isa = PBXContainerItemProxy;
			containerPortal = 17EA024F1AF7B9A900EF6CBD /* Project object */;
			proxyType = 1;
			remoteGlobalIDString = 17EA02561AF7B9A900EF6CBD;
			remoteInfo = BreakoutSpriteKitTutorial;
		};
/* End PBXContainerItemProxy section */

/* Begin PBXFileReference section */
		173082CC1AF8E05300461F69 /* GameOverScene.sks */ = {isa = PBXFileReference; lastKnownFileType = file.sks; path = GameOverScene.sks; sourceTree = "<group>"; };
		173082CE1AF8E21E00461F69 /* GameOverScene.swift */ = {isa = PBXFileReference; fileEncoding = 4; lastKnownFileType = sourcecode.swift; path = GameOverScene.swift; sourceTree = "<group>"; };
		17EA02571AF7B9A900EF6CBD /* BreakoutSpriteKitTutorial.app */ = {isa = PBXFileReference; explicitFileType = wrapper.application; includeInIndex = 0; path = BreakoutSpriteKitTutorial.app; sourceTree = BUILT_PRODUCTS_DIR; };
		17EA025B1AF7B9A900EF6CBD /* Info.plist */ = {isa = PBXFileReference; lastKnownFileType = text.plist.xml; path = Info.plist; sourceTree = "<group>"; };
		17EA025C1AF7B9A900EF6CBD /* AppDelegate.swift */ = {isa = PBXFileReference; lastKnownFileType = sourcecode.swift; path = AppDelegate.swift; sourceTree = "<group>"; };
		17EA025E1AF7B9A900EF6CBD /* GameScene.sks */ = {isa = PBXFileReference; lastKnownFileType = file.sks; path = GameScene.sks; sourceTree = "<group>"; };
		17EA02601AF7B9A900EF6CBD /* GameScene.swift */ = {isa = PBXFileReference; lastKnownFileType = sourcecode.swift; path = GameScene.swift; sourceTree = "<group>"; };
		17EA02621AF7B9A900EF6CBD /* GameViewController.swift */ = {isa = PBXFileReference; lastKnownFileType = sourcecode.swift; path = GameViewController.swift; sourceTree = "<group>"; };
		17EA02651AF7B9A900EF6CBD /* Base */ = {isa = PBXFileReference; lastKnownFileType = file.storyboard; name = Base; path = Base.lproj/Main.storyboard; sourceTree = "<group>"; };
		17EA02671AF7B9A900EF6CBD /* Images.xcassets */ = {isa = PBXFileReference; lastKnownFileType = folder.assetcatalog; path = Images.xcassets; sourceTree = "<group>"; };
		17EA026A1AF7B9A900EF6CBD /* Base */ = {isa = PBXFileReference; lastKnownFileType = file.xib; name = Base; path = Base.lproj/LaunchScreen.xib; sourceTree = "<group>"; };
		17EA02701AF7B9A900EF6CBD /* BreakoutSpriteKitTutorialTests.xctest */ = {isa = PBXFileReference; explicitFileType = wrapper.cfbundle; includeInIndex = 0; path = BreakoutSpriteKitTutorialTests.xctest; sourceTree = BUILT_PRODUCTS_DIR; };
		17EA02751AF7B9A900EF6CBD /* Info.plist */ = {isa = PBXFileReference; lastKnownFileType = text.plist.xml; path = Info.plist; sourceTree = "<group>"; };
		17EA02761AF7B9A900EF6CBD /* BreakoutSpriteKitTutorialTests.swift */ = {isa = PBXFileReference; lastKnownFileType = sourcecode.swift; path = BreakoutSpriteKitTutorialTests.swift; sourceTree = "<group>"; };
/* End PBXFileReference section */

/* Begin PBXFrameworksBuildPhase section */
		17EA02541AF7B9A900EF6CBD /* Frameworks */ = {
			isa = PBXFrameworksBuildPhase;
			buildActionMask = 2147483647;
			files = (
			);
			runOnlyForDeploymentPostprocessing = 0;
		};
		17EA026D1AF7B9A900EF6CBD /* Frameworks */ = {
			isa = PBXFrameworksBuildPhase;
			buildActionMask = 2147483647;
			files = (
			);
			runOnlyForDeploymentPostprocessing = 0;
		};
/* End PBXFrameworksBuildPhase section */

/* Begin PBXGroup section */
		17EA024E1AF7B9A900EF6CBD = {
			isa = PBXGroup;
			children = (
				17EA02591AF7B9A900EF6CBD /* BreakoutSpriteKitTutorial */,
				17EA02731AF7B9A900EF6CBD /* BreakoutSpriteKitTutorialTests */,
				17EA02581AF7B9A900EF6CBD /* Products */,
			);
			sourceTree = "<group>";
		};
		17EA02581AF7B9A900EF6CBD /* Products */ = {
			isa = PBXGroup;
			children = (
				17EA02571AF7B9A900EF6CBD /* BreakoutSpriteKitTutorial.app */,
				17EA02701AF7B9A900EF6CBD /* BreakoutSpriteKitTutorialTests.xctest */,
			);
			name = Products;
			sourceTree = "<group>";
		};
		17EA02591AF7B9A900EF6CBD /* BreakoutSpriteKitTutorial */ = {
			isa = PBXGroup;
			children = (
				17EA025C1AF7B9A900EF6CBD /* AppDelegate.swift */,
				17EA025E1AF7B9A900EF6CBD /* GameScene.sks */,
				17EA02601AF7B9A900EF6CBD /* GameScene.swift */,
				173082CC1AF8E05300461F69 /* GameOverScene.sks */,
				173082CE1AF8E21E00461F69 /* GameOverScene.swift */,
				17EA02621AF7B9A900EF6CBD /* GameViewController.swift */,
				17EA02641AF7B9A900EF6CBD /* Main.storyboard */,
				17EA02671AF7B9A900EF6CBD /* Images.xcassets */,
				17EA02691AF7B9A900EF6CBD /* LaunchScreen.xib */,
				17EA025A1AF7B9A900EF6CBD /* Supporting Files */,
			);
			path = BreakoutSpriteKitTutorial;
			sourceTree = "<group>";
		};
		17EA025A1AF7B9A900EF6CBD /* Supporting Files */ = {
			isa = PBXGroup;
			children = (
				17EA025B1AF7B9A900EF6CBD /* Info.plist */,
			);
			name = "Supporting Files";
			sourceTree = "<group>";
		};
		17EA02731AF7B9A900EF6CBD /* BreakoutSpriteKitTutorialTests */ = {
			isa = PBXGroup;
			children = (
				17EA02761AF7B9A900EF6CBD /* BreakoutSpriteKitTutorialTests.swift */,
				17EA02741AF7B9A900EF6CBD /* Supporting Files */,
			);
			path = BreakoutSpriteKitTutorialTests;
			sourceTree = "<group>";
		};
		17EA02741AF7B9A900EF6CBD /* Supporting Files */ = {
			isa = PBXGroup;
			children = (
				17EA02751AF7B9A900EF6CBD /* Info.plist */,
			);
			name = "Supporting Files";
			sourceTree = "<group>";
		};
/* End PBXGroup section */

/* Begin PBXNativeTarget section */
		17EA02561AF7B9A900EF6CBD /* BreakoutSpriteKitTutorial */ = {
			isa = PBXNativeTarget;
			buildConfigurationList = 17EA027A1AF7B9A900EF6CBD /* Build configuration list for PBXNativeTarget "BreakoutSpriteKitTutorial" */;
			buildPhases = (
				17EA02531AF7B9A900EF6CBD /* Sources */,
				17EA02541AF7B9A900EF6CBD /* Frameworks */,
				17EA02551AF7B9A900EF6CBD /* Resources */,
			);
			buildRules = (
			);
			dependencies = (
			);
			name = BreakoutSpriteKitTutorial;
			productName = BreakoutSpriteKitTutorial;
			productReference = 17EA02571AF7B9A900EF6CBD /* BreakoutSpriteKitTutorial.app */;
			productType = "com.apple.product-type.application";
		};
		17EA026F1AF7B9A900EF6CBD /* BreakoutSpriteKitTutorialTests */ = {
			isa = PBXNativeTarget;
			buildConfigurationList = 17EA027D1AF7B9A900EF6CBD /* Build configuration list for PBXNativeTarget "BreakoutSpriteKitTutorialTests" */;
			buildPhases = (
				17EA026C1AF7B9A900EF6CBD /* Sources */,
				17EA026D1AF7B9A900EF6CBD /* Frameworks */,
				17EA026E1AF7B9A900EF6CBD /* Resources */,
			);
			buildRules = (
			);
			dependencies = (
				17EA02721AF7B9A900EF6CBD /* PBXTargetDependency */,
			);
			name = BreakoutSpriteKitTutorialTests;
			productName = BreakoutSpriteKitTutorialTests;
			productReference = 17EA02701AF7B9A900EF6CBD /* BreakoutSpriteKitTutorialTests.xctest */;
			productType = "com.apple.product-type.bundle.unit-test";
		};
/* End PBXNativeTarget section */

/* Begin PBXProject section */
		17EA024F1AF7B9A900EF6CBD /* Project object */ = {
			isa = PBXProject;
			attributes = {
				LastUpgradeCheck = 0630;
				ORGANIZATIONNAME = "Guilherme Bayma";
				TargetAttributes = {
					17EA02561AF7B9A900EF6CBD = {
						CreatedOnToolsVersion = 6.3.1;
					};
					17EA026F1AF7B9A900EF6CBD = {
						CreatedOnToolsVersion = 6.3.1;
						TestTargetID = 17EA02561AF7B9A900EF6CBD;
					};
				};
			};
			buildConfigurationList = 17EA02521AF7B9A900EF6CBD /* Build configuration list for PBXProject "BreakoutSpriteKitTutorial" */;
			compatibilityVersion = "Xcode 3.2";
			developmentRegion = English;
			hasScannedForEncodings = 0;
			knownRegions = (
				en,
				Base,
			);
			mainGroup = 17EA024E1AF7B9A900EF6CBD;
			productRefGroup = 17EA02581AF7B9A900EF6CBD /* Products */;
			projectDirPath = "";
			projectRoot = "";
			targets = (
				17EA02561AF7B9A900EF6CBD /* BreakoutSpriteKitTutorial */,
				17EA026F1AF7B9A900EF6CBD /* BreakoutSpriteKitTutorialTests */,
			);
		};
/* End PBXProject section */

/* Begin PBXResourcesBuildPhase section */
		17EA02551AF7B9A900EF6CBD /* Resources */ = {
			isa = PBXResourcesBuildPhase;
			buildActionMask = 2147483647;
			files = (
				17EA026B1AF7B9A900EF6CBD /* LaunchScreen.xib in Resources */,
				17EA02681AF7B9A900EF6CBD /* Images.xcassets in Resources */,
				17EA025F1AF7B9A900EF6CBD /* GameScene.sks in Resources */,
				173082CD1AF8E05300461F69 /* GameOverScene.sks in Resources */,
				17EA02661AF7B9A900EF6CBD /* Main.storyboard in Resources */,
			);
			runOnlyForDeploymentPostprocessing = 0;
		};
		17EA026E1AF7B9A900EF6CBD /* Resources */ = {
			isa = PBXResourcesBuildPhase;
			buildActionMask = 2147483647;
			files = (
			);
			runOnlyForDeploymentPostprocessing = 0;
		};
/* End PBXResourcesBuildPhase section */

/* Begin PBXSourcesBuildPhase section */
		17EA02531AF7B9A900EF6CBD /* Sources */ = {
			isa = PBXSourcesBuildPhase;
			buildActionMask = 2147483647;
			files = (
				17EA02611AF7B9A900EF6CBD /* GameScene.swift in Sources */,
				17EA02631AF7B9A900EF6CBD /* GameViewController.swift in Sources */,
				173082CF1AF8E21E00461F69 /* GameOverScene.swift in Sources */,
				17EA025D1AF7B9A900EF6CBD /* AppDelegate.swift in Sources */,
			);
			runOnlyForDeploymentPostprocessing = 0;
		};
		17EA026C1AF7B9A900EF6CBD /* Sources */ = {
			isa = PBXSourcesBuildPhase;
			buildActionMask = 2147483647;
			files = (
				17EA02771AF7B9A900EF6CBD /* BreakoutSpriteKitTutorialTests.swift in Sources */,
			);
			runOnlyForDeploymentPostprocessing = 0;
		};
/* End PBXSourcesBuildPhase section */

/* Begin PBXTargetDependency section */
		17EA02721AF7B9A900EF6CBD /* PBXTargetDependency */ = {
			isa = PBXTargetDependency;
			target = 17EA02561AF7B9A900EF6CBD /* BreakoutSpriteKitTutorial */;
			targetProxy = 17EA02711AF7B9A900EF6CBD /* PBXContainerItemProxy */;
		};
/* End PBXTargetDependency section */

/* Begin PBXVariantGroup section */
		17EA02641AF7B9A900EF6CBD /* Main.storyboard */ = {
			isa = PBXVariantGroup;
			children = (
				17EA02651AF7B9A900EF6CBD /* Base */,
			);
			name = Main.storyboard;
			sourceTree = "<group>";
		};
		17EA02691AF7B9A900EF6CBD /* LaunchScreen.xib */ = {
			isa = PBXVariantGroup;
			children = (
				17EA026A1AF7B9A900EF6CBD /* Base */,
			);
			name = LaunchScreen.xib;
			sourceTree = "<group>";
		};
/* End PBXVariantGroup section */

/* Begin XCBuildConfiguration section */
		17EA02781AF7B9A900EF6CBD /* Debug */ = {
			isa = XCBuildConfiguration;
			buildSettings = {
				ALWAYS_SEARCH_USER_PATHS = NO;
				CLANG_CXX_LANGUAGE_STANDARD = "gnu++0x";
				CLANG_CXX_LIBRARY = "libc++";
				CLANG_ENABLE_MODULES = YES;
				CLANG_ENABLE_OBJC_ARC = YES;
				CLANG_WARN_BOOL_CONVERSION = YES;
				CLANG_WARN_CONSTANT_CONVERSION = YES;
				CLANG_WARN_DIRECT_OBJC_ISA_USAGE = YES_ERROR;
				CLANG_WARN_EMPTY_BODY = YES;
				CLANG_WARN_ENUM_CONVERSION = YES;
				CLANG_WARN_INT_CONVERSION = YES;
				CLANG_WARN_OBJC_ROOT_CLASS = YES_ERROR;
				CLANG_WARN_UNREACHABLE_CODE = YES;
				CLANG_WARN__DUPLICATE_METHOD_MATCH = YES;
				"CODE_SIGN_IDENTITY[sdk=iphoneos*]" = "iPhone Developer";
				COPY_PHASE_STRIP = NO;
				DEBUG_INFORMATION_FORMAT = "dwarf-with-dsym";
				ENABLE_STRICT_OBJC_MSGSEND = YES;
				GCC_C_LANGUAGE_STANDARD = gnu99;
				GCC_DYNAMIC_NO_PIC = NO;
				GCC_NO_COMMON_BLOCKS = YES;
				GCC_OPTIMIZATION_LEVEL = 0;
				GCC_PREPROCESSOR_DEFINITIONS = (
					"DEBUG=1",
					"$(inherited)",
				);
				GCC_SYMBOLS_PRIVATE_EXTERN = NO;
				GCC_WARN_64_TO_32_BIT_CONVERSION = YES;
				GCC_WARN_ABOUT_RETURN_TYPE = YES_ERROR;
				GCC_WARN_UNDECLARED_SELECTOR = YES;
				GCC_WARN_UNINITIALIZED_AUTOS = YES_AGGRESSIVE;
				GCC_WARN_UNUSED_FUNCTION = YES;
				GCC_WARN_UNUSED_VARIABLE = YES;
				IPHONEOS_DEPLOYMENT_TARGET = 8.3;
				MTL_ENABLE_DEBUG_INFO = YES;
				ONLY_ACTIVE_ARCH = YES;
				SDKROOT = iphoneos;
				SWIFT_OPTIMIZATION_LEVEL = "-Onone";
			};
			name = Debug;
		};
		17EA02791AF7B9A900EF6CBD /* Release */ = {
			isa = XCBuildConfiguration;
			buildSettings = {
				ALWAYS_SEARCH_USER_PATHS = NO;
				CLANG_CXX_LANGUAGE_STANDARD = "gnu++0x";
				CLANG_CXX_LIBRARY = "libc++";
				CLANG_ENABLE_MODULES = YES;
				CLANG_ENABLE_OBJC_ARC = YES;
				CLANG_WARN_BOOL_CONVERSION = YES;
				CLANG_WARN_CONSTANT_CONVERSION = YES;
				CLANG_WARN_DIRECT_OBJC_ISA_USAGE = YES_ERROR;
				CLANG_WARN_EMPTY_BODY = YES;
				CLANG_WARN_ENUM_CONVERSION = YES;
				CLANG_WARN_INT_CONVERSION = YES;
				CLANG_WARN_OBJC_ROOT_CLASS = YES_ERROR;
				CLANG_WARN_UNREACHABLE_CODE = YES;
				CLANG_WARN__DUPLICATE_METHOD_MATCH = YES;
				"CODE_SIGN_IDENTITY[sdk=iphoneos*]" = "iPhone Developer";
				COPY_PHASE_STRIP = NO;
				DEBUG_INFORMATION_FORMAT = "dwarf-with-dsym";
				ENABLE_NS_ASSERTIONS = NO;
				ENABLE_STRICT_OBJC_MSGSEND = YES;
				GCC_C_LANGUAGE_STANDARD = gnu99;
				GCC_NO_COMMON_BLOCKS = YES;
				GCC_WARN_64_TO_32_BIT_CONVERSION = YES;
				GCC_WARN_ABOUT_RETURN_TYPE = YES_ERROR;
				GCC_WARN_UNDECLARED_SELECTOR = YES;
				GCC_WARN_UNINITIALIZED_AUTOS = YES_AGGRESSIVE;
				GCC_WARN_UNUSED_FUNCTION = YES;
				GCC_WARN_UNUSED_VARIABLE = YES;
				IPHONEOS_DEPLOYMENT_TARGET = 8.3;
				MTL_ENABLE_DEBUG_INFO = NO;
				SDKROOT = iphoneos;
				VALIDATE_PRODUCT = YES;
			};
			name = Release;
		};
		17EA027B1AF7B9A900EF6CBD /* Debug */ = {
			isa = XCBuildConfiguration;
			buildSettings = {
				ASSETCATALOG_COMPILER_APPICON_NAME = AppIcon;
				INFOPLIST_FILE = BreakoutSpriteKitTutorial/Info.plist;
				LD_RUNPATH_SEARCH_PATHS = "$(inherited) @executable_path/Frameworks";
				PRODUCT_NAME = "$(TARGET_NAME)";
			};
			name = Debug;
		};
		17EA027C1AF7B9A900EF6CBD /* Release */ = {
			isa = XCBuildConfiguration;
			buildSettings = {
				ASSETCATALOG_COMPILER_APPICON_NAME = AppIcon;
				INFOPLIST_FILE = BreakoutSpriteKitTutorial/Info.plist;
				LD_RUNPATH_SEARCH_PATHS = "$(inherited) @executable_path/Frameworks";
				PRODUCT_NAME = "$(TARGET_NAME)";
			};
			name = Release;
		};
		17EA027E1AF7B9A900EF6CBD /* Debug */ = {
			isa = XCBuildConfiguration;
			buildSettings = {
				BUNDLE_LOADER = "$(TEST_HOST)";
				FRAMEWORK_SEARCH_PATHS = (
					"$(SDKROOT)/Developer/Library/Frameworks",
					"$(inherited)",
				);
				GCC_PREPROCESSOR_DEFINITIONS = (
					"DEBUG=1",
					"$(inherited)",
				);
				INFOPLIST_FILE = BreakoutSpriteKitTutorialTests/Info.plist;
				LD_RUNPATH_SEARCH_PATHS = "$(inherited) @executable_path/Frameworks @loader_path/Frameworks";
				PRODUCT_NAME = "$(TARGET_NAME)";
				TEST_HOST = "$(BUILT_PRODUCTS_DIR)/BreakoutSpriteKitTutorial.app/BreakoutSpriteKitTutorial";
			};
			name = Debug;
		};
		17EA027F1AF7B9A900EF6CBD /* Release */ = {
			isa = XCBuildConfiguration;
			buildSettings = {
				BUNDLE_LOADER = "$(TEST_HOST)";
				FRAMEWORK_SEARCH_PATHS = (
					"$(SDKROOT)/Developer/Library/Frameworks",
					"$(inherited)",
				);
				INFOPLIST_FILE = BreakoutSpriteKitTutorialTests/Info.plist;
				LD_RUNPATH_SEARCH_PATHS = "$(inherited) @executable_path/Frameworks @loader_path/Frameworks";
				PRODUCT_NAME = "$(TARGET_NAME)";
				TEST_HOST = "$(BUILT_PRODUCTS_DIR)/BreakoutSpriteKitTutorial.app/BreakoutSpriteKitTutorial";
			};
			name = Release;
		};
/* End XCBuildConfiguration section */

/* Begin XCConfigurationList section */
		17EA02521AF7B9A900EF6CBD /* Build configuration list for PBXProject "BreakoutSpriteKitTutorial" */ = {
			isa = XCConfigurationList;
			buildConfigurations = (
				17EA02781AF7B9A900EF6CBD /* Debug */,
				17EA02791AF7B9A900EF6CBD /* Release */,
			);
			defaultConfigurationIsVisible = 0;
			defaultConfigurationName = Release;
		};
		17EA027A1AF7B9A900EF6CBD /* Build configuration list for PBXNativeTarget "BreakoutSpriteKitTutorial" */ = {
			isa = XCConfigurationList;
			buildConfigurations = (
				17EA027B1AF7B9A900EF6CBD /* Debug */,
				17EA027C1AF7B9A900EF6CBD /* Release */,
			);
			defaultConfigurationIsVisible = 0;
			defaultConfigurationName = Release;
		};
		17EA027D1AF7B9A900EF6CBD /* Build configuration list for PBXNativeTarget "BreakoutSpriteKitTutorialTests" */ = {
			isa = XCConfigurationList;
			buildConfigurations = (
				17EA027E1AF7B9A900EF6CBD /* Debug */,
				17EA027F1AF7B9A900EF6CBD /* Release */,
			);
			defaultConfigurationIsVisible = 0;
			defaultConfigurationName = Release;
		};
/* End XCConfigurationList section */
	};
	rootObject = 17EA024F1AF7B9A900EF6CBD /* Project object */;
}
